
Microsoft Visual Studio Solution File, Format Version 12.00
# Visual Studio Version 18
VisualStudioVersion = 18.4.11626.88
MinimumVisualStudioVersion = 10.0.40219.1
Project("{FAE04EC0-301F-11D3-BF4B-00C04F79EFBC}") = "OEventCourseHelper.Wasm", "OEventCourseHelper.Wasm\OEventCourseHelper.Wasm.csproj", "{9C8D8A24-83FA-04A4-D9BB-CC6FAD482EFC}"
EndProject
Global
	GlobalSection(SolutionConfigurationPlatforms) = preSolution
		Debug|Any CPU = Debug|Any CPU
		Release|Any CPU = Release|Any CPU
	EndGlobalSection
	GlobalSection(ProjectConfigurationPlatforms) = postSolution
		{9C8D8A24-83FA-04A4-D9BB-CC6FAD482EFC}.Debug|Any CPU.ActiveCfg = Debug|Any CPU
		{9C8D8A24-83FA-04A4-D9BB-CC6FAD482EFC}.Debug|Any CPU.Build.0 = Debug|Any CPU
		{9C8D8A24-83FA-04A4-D9BB-CC6FAD482EFC}.Release|Any CPU.ActiveCfg = Release|Any CPU
		{9C8D8A24-83FA-04A4-D9BB-CC6FAD482EFC}.Release|Any CPU.Build.0 = Release|Any CPU
	EndGlobalSection
	GlobalSection(SolutionProperties) = preSolution
		HideSolutionNode = FALSE
	EndGlobalSection
	GlobalSection(ExtensibilityGlobals) = postSolution
		SolutionGuid = {72E882D5-DE2C-4DC6-B9CD-4CBF7780CFA2}
	EndGlobalSection
EndGlobal
